
Microsoft Visual Studio Solution File, Format Version 12.00
# Visual Studio 2012
Project("{FAE04EC0-301F-11D3-BF4B-00C04F79EFBC}") = "WebApp", "WebApp\WebApp.csproj", "{90E2CF86-419A-4180-9B5D-8E34F9047F5B}"
EndProject
Project("{FAE04EC0-301F-11D3-BF4B-00C04F79EFBC}") = "Service", "Service\Service.csproj", "{21BEE215-1908-402A-B566-7DC8F781829D}"
EndProject
Project("{FAE04EC0-301F-11D3-BF4B-00C04F79EFBC}") = "ServiceTests", "ServiceTests\ServiceTests.csproj", "{6385A07B-091B-4B3F-8BEF-C325A76997FE}"
EndProject
Project("{2150E333-8FDC-42A3-9474-1A3956D46DE8}") = "Build", "Build", "{03C182DC-7B32-4E66-A1AD-31C10EEAE69C}"
	ProjectSection(SolutionItems) = preProject
		Build.xml = Build.xml
	EndProjectSection
EndProject
Global
	GlobalSection(SolutionConfigurationPlatforms) = preSolution
		Debug|Any CPU = Debug|Any CPU
		Release|Any CPU = Release|Any CPU
	EndGlobalSection
	GlobalSection(ProjectConfigurationPlatforms) = postSolution
		{90E2CF86-419A-4180-9B5D-8E34F9047F5B}.Debug|Any CPU.ActiveCfg = Debug|Any CPU
		{90E2CF86-419A-4180-9B5D-8E34F9047F5B}.Debug|Any CPU.Build.0 = Debug|Any CPU
		{90E2CF86-419A-4180-9B5D-8E34F9047F5B}.Release|Any CPU.ActiveCfg = Release|Any CPU
		{90E2CF86-419A-4180-9B5D-8E34F9047F5B}.Release|Any CPU.Build.0 = Release|Any CPU
		{21BEE215-1908-402A-B566-7DC8F781829D}.Debug|Any CPU.ActiveCfg = Debug|Any CPU
		{21BEE215-1908-402A-B566-7DC8F781829D}.Debug|Any CPU.Build.0 = Debug|Any CPU
		{21BEE215-1908-402A-B566-7DC8F781829D}.Release|Any CPU.ActiveCfg = Release|Any CPU
		{21BEE215-1908-402A-B566-7DC8F781829D}.Release|Any CPU.Build.0 = Release|Any CPU
		{6385A07B-091B-4B3F-8BEF-C325A76997FE}.Debug|Any CPU.ActiveCfg = Debug|Any CPU
		{6385A07B-091B-4B3F-8BEF-C325A76997FE}.Debug|Any CPU.Build.0 = Debug|Any CPU
		{6385A07B-091B-4B3F-8BEF-C325A76997FE}.Release|Any CPU.ActiveCfg = Release|Any CPU
		{6385A07B-091B-4B3F-8BEF-C325A76997FE}.Release|Any CPU.Build.0 = Release|Any CPU
	EndGlobalSection
	GlobalSection(SolutionProperties) = preSolution
		HideSolutionNode = FALSE
	EndGlobalSection
EndGlobal
